
Microsoft Visual Studio Solution File, Format Version 12.00
# Visual Studio Version 17
VisualStudioVersion = 17.13.35818.85 d17.13
MinimumVisualStudioVersion = 10.0.40219.1
Project("{FAE04EC0-301F-11D3-BF4B-00C04F79EFBC}") = "bai19_fromđăngnhâp", "bai19_fromđăngnhâp.csproj", "{288963FE-3D7D-4D79-8993-9489C5646AEB}"
EndProject
Global
	GlobalSection(SolutionConfigurationPlatforms) = preSolution
		Debug|Any CPU = Debug|Any CPU
		Release|Any CPU = Release|Any CPU
	EndGlobalSection
	GlobalSection(ProjectConfigurationPlatforms) = postSolution
		{288963FE-3D7D-4D79-8993-9489C5646AEB}.Debug|Any CPU.ActiveCfg = Debug|Any CPU
		{288963FE-3D7D-4D79-8993-9489C5646AEB}.Debug|Any CPU.Build.0 = Debug|Any CPU
		{288963FE-3D7D-4D79-8993-9489C5646AEB}.Release|Any CPU.ActiveCfg = Release|Any CPU
		{288963FE-3D7D-4D79-8993-9489C5646AEB}.Release|Any CPU.Build.0 = Release|Any CPU
	EndGlobalSection
	GlobalSection(SolutionProperties) = preSolution
		HideSolutionNode = FALSE
	EndGlobalSection
	GlobalSection(ExtensibilityGlobals) = postSolution
		SolutionGuid = {11869436-AE15-41E0-A88A-07C23C5ADF07}
	EndGlobalSection
EndGlobal
